
Microsoft Visual Studio Solution File, Format Version 12.00
# Visual Studio Version 17
VisualStudioVersion = 17.5.33627.172
MinimumVisualStudioVersion = 10.0.40219.1
Project("{9A19103F-16F7-4668-BE54-9A1E7A4F7556}") = "OpenGSServer", "OpenGSServer.csproj", "{B66124E0-96CE-4B61-A0D9-8E9CB0C87CAA}"
	ProjectSection(ProjectDependencies) = postProject
		{C6A463BF-5DDF-46BF-A8DA-35127EB2476D} = {C6A463BF-5DDF-46BF-A8DA-35127EB2476D}
	EndProjectSection
EndProject
Project("{FAE04EC0-301F-11D3-BF4B-00C04F79EFBC}") = "OpenGSCore", "..\OpenGSCore\OpenGSCore.csproj", "{C6A463BF-5DDF-46BF-A8DA-35127EB2476D}"
EndProject
Global
	GlobalSection(SolutionConfigurationPlatforms) = preSolution
		Debug|Any CPU = Debug|Any CPU
		Debug|x64 = Debug|x64
		Debug|x86 = Debug|x86
		Release|Any CPU = Release|Any CPU
		Release|x64 = Release|x64
		Release|x86 = Release|x86
	EndGlobalSection
	GlobalSection(ProjectConfigurationPlatforms) = postSolution
		{B66124E0-96CE-4B61-A0D9-8E9CB0C87CAA}.Debug|Any CPU.ActiveCfg = Debug|Any CPU
		{B66124E0-96CE-4B61-A0D9-8E9CB0C87CAA}.Debug|Any CPU.Build.0 = Debug|Any CPU
		{B66124E0-96CE-4B61-A0D9-8E9CB0C87CAA}.Debug|x64.ActiveCfg = Debug|Any CPU
		{B66124E0-96CE-4B61-A0D9-8E9CB0C87CAA}.Debug|x64.Build.0 = Debug|Any CPU
		{B66124E0-96CE-4B61-A0D9-8E9CB0C87CAA}.Debug|x86.ActiveCfg = Debug|Any CPU
		{B66124E0-96CE-4B61-A0D9-8E9CB0C87CAA}.Debug|x86.Build.0 = Debug|Any CPU
		{B66124E0-96CE-4B61-A0D9-8E9CB0C87CAA}.Release|Any CPU.ActiveCfg = Release|Any CPU
		{B66124E0-96CE-4B61-A0D9-8E9CB0C87CAA}.Release|Any CPU.Build.0 = Release|Any CPU
		{B66124E0-96CE-4B61-A0D9-8E9CB0C87CAA}.Release|x64.ActiveCfg = Release|Any CPU
		{B66124E0-96CE-4B61-A0D9-8E9CB0C87CAA}.Release|x64.Build.0 = Release|Any CPU
		{B66124E0-96CE-4B61-A0D9-8E9CB0C87CAA}.Release|x86.ActiveCfg = Release|Any CPU
		{B66124E0-96CE-4B61-A0D9-8E9CB0C87CAA}.Release|x86.Build.0 = Release|Any CPU
		{C6A463BF-5DDF-46BF-A8DA-35127EB2476D}.Debug|Any CPU.ActiveCfg = Debug|Any CPU
		{C6A463BF-5DDF-46BF-A8DA-35127EB2476D}.Debug|Any CPU.Build.0 = Debug|Any CPU
		{C6A463BF-5DDF-46BF-A8DA-35127EB2476D}.Debug|x64.ActiveCfg = Debug|Any CPU
		{C6A463BF-5DDF-46BF-A8DA-35127EB2476D}.Debug|x64.Build.0 = Debug|Any CPU
		{C6A463BF-5DDF-46BF-A8DA-35127EB2476D}.Debug|x86.ActiveCfg = Debug|Any CPU
		{C6A463BF-5DDF-46BF-A8DA-35127EB2476D}.Debug|x86.Build.0 = Debug|Any CPU
		{C6A463BF-5DDF-46BF-A8DA-35127EB2476D}.Release|Any CPU.ActiveCfg = Release|Any CPU
		{C6A463BF-5DDF-46BF-A8DA-35127EB2476D}.Release|Any CPU.Build.0 = Release|Any CPU
		{C6A463BF-5DDF-46BF-A8DA-35127EB2476D}.Release|x64.ActiveCfg = Release|Any CPU
		{C6A463BF-5DDF-46BF-A8DA-35127EB2476D}.Release|x64.Build.0 = Release|Any CPU
		{C6A463BF-5DDF-46BF-A8DA-35127EB2476D}.Release|x86.ActiveCfg = Release|Any CPU
		{C6A463BF-5DDF-46BF-A8DA-35127EB2476D}.Release|x86.Build.0 = Release|Any CPU
	EndGlobalSection
	GlobalSection(SolutionProperties) = preSolution
		HideSolutionNode = FALSE
	EndGlobalSection
	GlobalSection(ExtensibilityGlobals) = postSolution
		SolutionGuid = {A013C9B0-D3C5-4B92-9C05-DDEF965976FC}
	EndGlobalSection
EndGlobal
